
Microsoft Visual Studio Solution File, Format Version 12.00
# Visual Studio Version 17
VisualStudioVersion = 17.0.31903.59
MinimumVisualStudioVersion = 10.0.40219.1
Project("{2150E333-8FDC-42A3-9474-1A3956D46DE8}") = "src", "src", "{FFE4B41C-D561-4993-BE6A-B7F5B1A4A0C9}"
EndProject
Project("{FAE04EC0-301F-11D3-BF4B-00C04F79EFBC}") = "MeetingMinutes.Shared", "src\MeetingMinutes.Shared\MeetingMinutes.Shared.csproj", "{83A1C5AD-2AEC-41B4-85C7-6F65F3F76274}"
EndProject
Project("{FAE04EC0-301F-11D3-BF4B-00C04F79EFBC}") = "MeetingMinutes.ServiceDefaults", "src\MeetingMinutes.ServiceDefaults\MeetingMinutes.ServiceDefaults.csproj", "{25D23ABB-5DE5-4571-B6A7-513C77A9E613}"
EndProject
Project("{FAE04EC0-301F-11D3-BF4B-00C04F79EFBC}") = "MeetingMinutes.AppHost", "src\MeetingMinutes.AppHost\MeetingMinutes.AppHost.csproj", "{FE5D0A79-9FC8-4D71-9479-77A012E8F9D4}"
EndProject
Project("{FAE04EC0-301F-11D3-BF4B-00C04F79EFBC}") = "MeetingMinutes.Api", "src\MeetingMinutes.Api\MeetingMinutes.Api.csproj", "{420B89D9-2EA7-4ACF-9BB9-53F2ADC3B6A3}"
EndProject
Project("{FAE04EC0-301F-11D3-BF4B-00C04F79EFBC}") = "MeetingMinutes.Web", "src\MeetingMinutes.Web\MeetingMinutes.Web.csproj", "{1D60AAF4-C14C-4D62-B44D-47A6A87F0231}"
EndProject
Project("{2150E333-8FDC-42A3-9474-1A3956D46DE8}") = "tests", "tests", "{0AB3BF05-4346-4AA6-1389-037BE0695223}"
EndProject
Project("{FAE04EC0-301F-11D3-BF4B-00C04F79EFBC}") = "MeetingMinutes.Tests", "tests\MeetingMinutes.Tests\MeetingMinutes.Tests.csproj", "{5409400F-21EF-48C6-BCB7-C7D138E5C331}"
EndProject
Project("{FAE04EC0-301F-11D3-BF4B-00C04F79EFBC}") = "MeetingMinutes.Web.Tests", "tests\MeetingMinutes.Web.Tests\MeetingMinutes.Web.Tests.csproj", "{9B87F607-593E-454D-A3FC-136C4E57F7D0}"
EndProject
Project("{FAE04EC0-301F-11D3-BF4B-00C04F79EFBC}") = "MeetingMinutes.E2E", "tests\MeetingMinutes.E2E\MeetingMinutes.E2E.csproj", "{22E4D638-F157-471D-91EE-5EB2636E1BB2}"
EndProject
Global
	GlobalSection(SolutionConfigurationPlatforms) = preSolution
		Debug|Any CPU = Debug|Any CPU
		Debug|x64 = Debug|x64
		Debug|x86 = Debug|x86
		Release|Any CPU = Release|Any CPU
		Release|x64 = Release|x64
		Release|x86 = Release|x86
	EndGlobalSection
	GlobalSection(ProjectConfigurationPlatforms) = postSolution
		{83A1C5AD-2AEC-41B4-85C7-6F65F3F76274}.Debug|Any CPU.ActiveCfg = Debug|Any CPU
		{83A1C5AD-2AEC-41B4-85C7-6F65F3F76274}.Debug|Any CPU.Build.0 = Debug|Any CPU
		{83A1C5AD-2AEC-41B4-85C7-6F65F3F76274}.Debug|x64.ActiveCfg = Debug|Any CPU
		{83A1C5AD-2AEC-41B4-85C7-6F65F3F76274}.Debug|x64.Build.0 = Debug|Any CPU
		{83A1C5AD-2AEC-41B4-85C7-6F65F3F76274}.Debug|x86.ActiveCfg = Debug|Any CPU
		{83A1C5AD-2AEC-41B4-85C7-6F65F3F76274}.Debug|x86.Build.0 = Debug|Any CPU
		{83A1C5AD-2AEC-41B4-85C7-6F65F3F76274}.Release|Any CPU.ActiveCfg = Release|Any CPU
		{83A1C5AD-2AEC-41B4-85C7-6F65F3F76274}.Release|Any CPU.Build.0 = Release|Any CPU
		{83A1C5AD-2AEC-41B4-85C7-6F65F3F76274}.Release|x64.ActiveCfg = Release|Any CPU
		{83A1C5AD-2AEC-41B4-85C7-6F65F3F76274}.Release|x64.Build.0 = Release|Any CPU
		{83A1C5AD-2AEC-41B4-85C7-6F65F3F76274}.Release|x86.ActiveCfg = Release|Any CPU
		{83A1C5AD-2AEC-41B4-85C7-6F65F3F76274}.Release|x86.Build.0 = Release|Any CPU
		{25D23ABB-5DE5-4571-B6A7-513C77A9E613}.Debug|Any CPU.ActiveCfg = Debug|Any CPU
		{25D23ABB-5DE5-4571-B6A7-513C77A9E613}.Debug|Any CPU.Build.0 = Debug|Any CPU
		{25D23ABB-5DE5-4571-B6A7-513C77A9E613}.Debug|x64.ActiveCfg = Debug|Any CPU
		{25D23ABB-5DE5-4571-B6A7-513C77A9E613}.Debug|x64.Build.0 = Debug|Any CPU
		{25D23ABB-5DE5-4571-B6A7-513C77A9E613}.Debug|x86.ActiveCfg = Debug|Any CPU
		{25D23ABB-5DE5-4571-B6A7-513C77A9E613}.Debug|x86.Build.0 = Debug|Any CPU
		{25D23ABB-5DE5-4571-B6A7-513C77A9E613}.Release|Any CPU.ActiveCfg = Release|Any CPU
		{25D23ABB-5DE5-4571-B6A7-513C77A9E613}.Release|Any CPU.Build.0 = Release|Any CPU
		{25D23ABB-5DE5-4571-B6A7-513C77A9E613}.Release|x64.ActiveCfg = Release|Any CPU
		{25D23ABB-5DE5-4571-B6A7-513C77A9E613}.Release|x64.Build.0 = Release|Any CPU
		{25D23ABB-5DE5-4571-B6A7-513C77A9E613}.Release|x86.ActiveCfg = Release|Any CPU
		{25D23ABB-5DE5-4571-B6A7-513C77A9E613}.Release|x86.Build.0 = Release|Any CPU
		{FE5D0A79-9FC8-4D71-9479-77A012E8F9D4}.Debug|Any CPU.ActiveCfg = Debug|Any CPU
		{FE5D0A79-9FC8-4D71-9479-77A012E8F9D4}.Debug|Any CPU.Build.0 = Debug|Any CPU
		{FE5D0A79-9FC8-4D71-9479-77A012E8F9D4}.Debug|x64.ActiveCfg = Debug|Any CPU
		{FE5D0A79-9FC8-4D71-9479-77A012E8F9D4}.Debug|x64.Build.0 = Debug|Any CPU
		{FE5D0A79-9FC8-4D71-9479-77A012E8F9D4}.Debug|x86.ActiveCfg = Debug|Any CPU
		{FE5D0A79-9FC8-4D71-9479-77A012E8F9D4}.Debug|x86.Build.0 = Debug|Any CPU
		{FE5D0A79-9FC8-4D71-9479-77A012E8F9D4}.Release|Any CPU.ActiveCfg = Release|Any CPU
		{FE5D0A79-9FC8-4D71-9479-77A012E8F9D4}.Release|Any CPU.Build.0 = Release|Any CPU
		{FE5D0A79-9FC8-4D71-9479-77A012E8F9D4}.Release|x64.ActiveCfg = Release|Any CPU
		{FE5D0A79-9FC8-4D71-9479-77A012E8F9D4}.Release|x64.Build.0 = Release|Any CPU
		{FE5D0A79-9FC8-4D71-9479-77A012E8F9D4}.Release|x86.ActiveCfg = Release|Any CPU
		{FE5D0A79-9FC8-4D71-9479-77A012E8F9D4}.Release|x86.Build.0 = Release|Any CPU
		{420B89D9-2EA7-4ACF-9BB9-53F2ADC3B6A3}.Debug|Any CPU.ActiveCfg = Debug|Any CPU
		{420B89D9-2EA7-4ACF-9BB9-53F2ADC3B6A3}.Debug|Any CPU.Build.0 = Debug|Any CPU
		{420B89D9-2EA7-4ACF-9BB9-53F2ADC3B6A3}.Debug|x64.ActiveCfg = Debug|Any CPU
		{420B89D9-2EA7-4ACF-9BB9-53F2ADC3B6A3}.Debug|x64.Build.0 = Debug|Any CPU
		{420B89D9-2EA7-4ACF-9BB9-53F2ADC3B6A3}.Debug|x86.ActiveCfg = Debug|Any CPU
		{420B89D9-2EA7-4ACF-9BB9-53F2ADC3B6A3}.Debug|x86.Build.0 = Debug|Any CPU
		{420B89D9-2EA7-4ACF-9BB9-53F2ADC3B6A3}.Release|Any CPU.ActiveCfg = Release|Any CPU
		{420B89D9-2EA7-4ACF-9BB9-53F2ADC3B6A3}.Release|Any CPU.Build.0 = Release|Any CPU
		{420B89D9-2EA7-4ACF-9BB9-53F2ADC3B6A3}.Release|x64.ActiveCfg = Release|Any CPU
		{420B89D9-2EA7-4ACF-9BB9-53F2ADC3B6A3}.Release|x64.Build.0 = Release|Any CPU
		{420B89D9-2EA7-4ACF-9BB9-53F2ADC3B6A3}.Release|x86.ActiveCfg = Release|Any CPU
		{420B89D9-2EA7-4ACF-9BB9-53F2ADC3B6A3}.Release|x86.Build.0 = Release|Any CPU
		{1D60AAF4-C14C-4D62-B44D-47A6A87F0231}.Debug|Any CPU.ActiveCfg = Debug|Any CPU
		{1D60AAF4-C14C-4D62-B44D-47A6A87F0231}.Debug|Any CPU.Build.0 = Debug|Any CPU
		{1D60AAF4-C14C-4D62-B44D-47A6A87F0231}.Debug|x64.ActiveCfg = Debug|Any CPU
		{1D60AAF4-C14C-4D62-B44D-47A6A87F0231}.Debug|x64.Build.0 = Debug|Any CPU
		{1D60AAF4-C14C-4D62-B44D-47A6A87F0231}.Debug|x86.ActiveCfg = Debug|Any CPU
		{1D60AAF4-C14C-4D62-B44D-47A6A87F0231}.Debug|x86.Build.0 = Debug|Any CPU
		{1D60AAF4-C14C-4D62-B44D-47A6A87F0231}.Release|Any CPU.ActiveCfg = Release|Any CPU
		{1D60AAF4-C14C-4D62-B44D-47A6A87F0231}.Release|Any CPU.Build.0 = Release|Any CPU
		{1D60AAF4-C14C-4D62-B44D-47A6A87F0231}.Release|x64.ActiveCfg = Release|Any CPU
		{1D60AAF4-C14C-4D62-B44D-47A6A87F0231}.Release|x64.Build.0 = Release|Any CPU
		{1D60AAF4-C14C-4D62-B44D-47A6A87F0231}.Release|x86.ActiveCfg = Release|Any CPU
		{1D60AAF4-C14C-4D62-B44D-47A6A87F0231}.Release|x86.Build.0 = Release|Any CPU
		{5409400F-21EF-48C6-BCB7-C7D138E5C331}.Debug|Any CPU.ActiveCfg = Debug|Any CPU
		{5409400F-21EF-48C6-BCB7-C7D138E5C331}.Debug|Any CPU.Build.0 = Debug|Any CPU
		{5409400F-21EF-48C6-BCB7-C7D138E5C331}.Debug|x64.ActiveCfg = Debug|Any CPU
		{5409400F-21EF-48C6-BCB7-C7D138E5C331}.Debug|x64.Build.0 = Debug|Any CPU
		{5409400F-21EF-48C6-BCB7-C7D138E5C331}.Debug|x86.ActiveCfg = Debug|Any CPU
		{5409400F-21EF-48C6-BCB7-C7D138E5C331}.Debug|x86.Build.0 = Debug|Any CPU
		{5409400F-21EF-48C6-BCB7-C7D138E5C331}.Release|Any CPU.ActiveCfg = Release|Any CPU
		{5409400F-21EF-48C6-BCB7-C7D138E5C331}.Release|Any CPU.Build.0 = Release|Any CPU
		{5409400F-21EF-48C6-BCB7-C7D138E5C331}.Release|x64.ActiveCfg = Release|Any CPU
		{5409400F-21EF-48C6-BCB7-C7D138E5C331}.Release|x64.Build.0 = Release|Any CPU
		{5409400F-21EF-48C6-BCB7-C7D138E5C331}.Release|x86.ActiveCfg = Release|Any CPU
		{5409400F-21EF-48C6-BCB7-C7D138E5C331}.Release|x86.Build.0 = Release|Any CPU
		{9B87F607-593E-454D-A3FC-136C4E57F7D0}.Debug|Any CPU.ActiveCfg = Debug|Any CPU
		{9B87F607-593E-454D-A3FC-136C4E57F7D0}.Debug|Any CPU.Build.0 = Debug|Any CPU
		{9B87F607-593E-454D-A3FC-136C4E57F7D0}.Debug|x64.ActiveCfg = Debug|Any CPU
		{9B87F607-593E-454D-A3FC-136C4E57F7D0}.Debug|x64.Build.0 = Debug|Any CPU
		{9B87F607-593E-454D-A3FC-136C4E57F7D0}.Debug|x86.ActiveCfg = Debug|Any CPU
		{9B87F607-593E-454D-A3FC-136C4E57F7D0}.Debug|x86.Build.0 = Debug|Any CPU
		{9B87F607-593E-454D-A3FC-136C4E57F7D0}.Release|Any CPU.ActiveCfg = Release|Any CPU
		{9B87F607-593E-454D-A3FC-136C4E57F7D0}.Release|Any CPU.Build.0 = Release|Any CPU
		{9B87F607-593E-454D-A3FC-136C4E57F7D0}.Release|x64.ActiveCfg = Release|Any CPU
		{9B87F607-593E-454D-A3FC-136C4E57F7D0}.Release|x64.Build.0 = Release|Any CPU
		{9B87F607-593E-454D-A3FC-136C4E57F7D0}.Release|x86.ActiveCfg = Release|Any CPU
		{9B87F607-593E-454D-A3FC-136C4E57F7D0}.Release|x86.Build.0 = Release|Any CPU
		{22E4D638-F157-471D-91EE-5EB2636E1BB2}.Debug|Any CPU.ActiveCfg = Debug|Any CPU
		{22E4D638-F157-471D-91EE-5EB2636E1BB2}.Debug|Any CPU.Build.0 = Debug|Any CPU
		{22E4D638-F157-471D-91EE-5EB2636E1BB2}.Debug|x64.ActiveCfg = Debug|Any CPU
		{22E4D638-F157-471D-91EE-5EB2636E1BB2}.Debug|x64.Build.0 = Debug|Any CPU
		{22E4D638-F157-471D-91EE-5EB2636E1BB2}.Debug|x86.ActiveCfg = Debug|Any CPU
		{22E4D638-F157-471D-91EE-5EB2636E1BB2}.Debug|x86.Build.0 = Debug|Any CPU
		{22E4D638-F157-471D-91EE-5EB2636E1BB2}.Release|Any CPU.ActiveCfg = Release|Any CPU
		{22E4D638-F157-471D-91EE-5EB2636E1BB2}.Release|Any CPU.Build.0 = Release|Any CPU
		{22E4D638-F157-471D-91EE-5EB2636E1BB2}.Release|x64.ActiveCfg = Release|Any CPU
		{22E4D638-F157-471D-91EE-5EB2636E1BB2}.Release|x64.Build.0 = Release|Any CPU
		{22E4D638-F157-471D-91EE-5EB2636E1BB2}.Release|x86.ActiveCfg = Release|Any CPU
		{22E4D638-F157-471D-91EE-5EB2636E1BB2}.Release|x86.Build.0 = Release|Any CPU
	EndGlobalSection
	GlobalSection(SolutionProperties) = preSolution
		HideSolutionNode = FALSE
	EndGlobalSection
	GlobalSection(NestedProjects) = preSolution
		{83A1C5AD-2AEC-41B4-85C7-6F65F3F76274} = {FFE4B41C-D561-4993-BE6A-B7F5B1A4A0C9}
		{25D23ABB-5DE5-4571-B6A7-513C77A9E613} = {FFE4B41C-D561-4993-BE6A-B7F5B1A4A0C9}
		{FE5D0A79-9FC8-4D71-9479-77A012E8F9D4} = {FFE4B41C-D561-4993-BE6A-B7F5B1A4A0C9}
		{420B89D9-2EA7-4ACF-9BB9-53F2ADC3B6A3} = {FFE4B41C-D561-4993-BE6A-B7F5B1A4A0C9}
		{1D60AAF4-C14C-4D62-B44D-47A6A87F0231} = {FFE4B41C-D561-4993-BE6A-B7F5B1A4A0C9}
		{5409400F-21EF-48C6-BCB7-C7D138E5C331} = {0AB3BF05-4346-4AA6-1389-037BE0695223}
		{9B87F607-593E-454D-A3FC-136C4E57F7D0} = {0AB3BF05-4346-4AA6-1389-037BE0695223}
		{22E4D638-F157-471D-91EE-5EB2636E1BB2} = {0AB3BF05-4346-4AA6-1389-037BE0695223}
	EndGlobalSection
EndGlobal
